
Microsoft Visual Studio Solution File, Format Version 12.00
# Visual Studio Version 17
VisualStudioVersion = 17.5.002.0
MinimumVisualStudioVersion = 10.0.40219.1
Project("{9A19103F-16F7-4668-BE54-9A1E7A4F7556}") = "cs-test", "cs-test.csproj", "{3812E546-B223-4B69-B67E-03142CE0B45F}"
EndProject
Global
	GlobalSection(SolutionConfigurationPlatforms) = preSolution
		Debug|Any CPU = Debug|Any CPU
		Release|Any CPU = Release|Any CPU
	EndGlobalSection
	GlobalSection(ProjectConfigurationPlatforms) = postSolution
		{3812E546-B223-4B69-B67E-03142CE0B45F}.Debug|Any CPU.ActiveCfg = Debug|Any CPU
		{3812E546-B223-4B69-B67E-03142CE0B45F}.Debug|Any CPU.Build.0 = Debug|Any CPU
		{3812E546-B223-4B69-B67E-03142CE0B45F}.Release|Any CPU.ActiveCfg = Release|Any CPU
		{3812E546-B223-4B69-B67E-03142CE0B45F}.Release|Any CPU.Build.0 = Release|Any CPU
	EndGlobalSection
	GlobalSection(SolutionProperties) = preSolution
		HideSolutionNode = FALSE
	EndGlobalSection
	GlobalSection(ExtensibilityGlobals) = postSolution
		SolutionGuid = {816DA7E9-9EE2-4A4F-A73C-976E1DF03B0C}
	EndGlobalSection
EndGlobal
